
Microsoft Visual Studio Solution File, Format Version 12.00
# Visual Studio Version 16
VisualStudioVersion = 16.0.31410.357
MinimumVisualStudioVersion = 10.0.40219.1
Project("{FAE04EC0-301F-11D3-BF4B-00C04F79EFBC}") = "e-healthAppointment", "e-healthAppointment\e-healthAppointment.csproj", "{5CB14CDF-74D1-4D0D-A9FF-3BAD895D0292}"
EndProject
Global
	GlobalSection(SolutionConfigurationPlatforms) = preSolution
		Debug|Any CPU = Debug|Any CPU
		Release|Any CPU = Release|Any CPU
	EndGlobalSection
	GlobalSection(ProjectConfigurationPlatforms) = postSolution
		{5CB14CDF-74D1-4D0D-A9FF-3BAD895D0292}.Debug|Any CPU.ActiveCfg = Debug|Any CPU
		{5CB14CDF-74D1-4D0D-A9FF-3BAD895D0292}.Debug|Any CPU.Build.0 = Debug|Any CPU
		{5CB14CDF-74D1-4D0D-A9FF-3BAD895D0292}.Release|Any CPU.ActiveCfg = Release|Any CPU
		{5CB14CDF-74D1-4D0D-A9FF-3BAD895D0292}.Release|Any CPU.Build.0 = Release|Any CPU
	EndGlobalSection
	GlobalSection(SolutionProperties) = preSolution
		HideSolutionNode = FALSE
	EndGlobalSection
	GlobalSection(ExtensibilityGlobals) = postSolution
		SolutionGuid = {B6F53704-57A4-41DF-90C3-94C3D3070599}
	EndGlobalSection
EndGlobal
